// !$*UTF8*$!
{
	archiveVersion = 1;
	classes = {
	};
	objectVersion = 55;
	objects = {

/* Begin PBXBuildFile section */
		D3DB943F2818294A00414439 /* CountriesListViewController.swift in Sources */ = {isa = PBXBuildFile; fileRef = D3DB943E2818294A00414439 /* CountriesListViewController.swift */; };
		D3DB94412818295C00414439 /* CountriesListViewModel.swift in Sources */ = {isa = PBXBuildFile; fileRef = D3DB94402818295C00414439 /* CountriesListViewModel.swift */; };
		D3DB94452818299000414439 /* CountriesListRouter.swift in Sources */ = {isa = PBXBuildFile; fileRef = D3DB94442818299000414439 /* CountriesListRouter.swift */; };
		D3DB9447281829D200414439 /* CountriesListContracts.swift in Sources */ = {isa = PBXBuildFile; fileRef = D3DB9446281829D200414439 /* CountriesListContracts.swift */; };
		D3DB94492818717000414439 /* CountryTableViewCell.swift in Sources */ = {isa = PBXBuildFile; fileRef = D3DB94482818717000414439 /* CountryTableViewCell.swift */; };
		D3DB944E28189DDB00414439 /* CountryReportViewController.swift in Sources */ = {isa = PBXBuildFile; fileRef = D3DB944D28189DDB00414439 /* CountryReportViewController.swift */; };
		D3DB945028189DFF00414439 /* CountryReportViewModel.swift in Sources */ = {isa = PBXBuildFile; fileRef = D3DB944F28189DFF00414439 /* CountryReportViewModel.swift */; };
		D3DB945228189E2300414439 /* CountryReportContracts.swift in Sources */ = {isa = PBXBuildFile; fileRef = D3DB945128189E2300414439 /* CountryReportContracts.swift */; };
		D3DB94542818A8DF00414439 /* ReportFieldTableViewCell.swift in Sources */ = {isa = PBXBuildFile; fileRef = D3DB94532818A8DF00414439 /* ReportFieldTableViewCell.swift */; };
		D3DB94582818B4E100414439 /* DefaultNavigationController.swift in Sources */ = {isa = PBXBuildFile; fileRef = D3DB94572818B4E100414439 /* DefaultNavigationController.swift */; };
		D3DB945B2819300200414439 /* Formatters.swift in Sources */ = {isa = PBXBuildFile; fileRef = D3DB945A2819300200414439 /* Formatters.swift */; };
		D3DB945D2819380A00414439 /* UIAlertController+Builder.swift in Sources */ = {isa = PBXBuildFile; fileRef = D3DB945C2819380A00414439 /* UIAlertController+Builder.swift */; };
		D3DB945F28196A0300414439 /* ReportFieldDataModel.swift in Sources */ = {isa = PBXBuildFile; fileRef = D3DB945E28196A0300414439 /* ReportFieldDataModel.swift */; };
		D3DB946128196A4100414439 /* SortOption.swift in Sources */ = {isa = PBXBuildFile; fileRef = D3DB946028196A4000414439 /* SortOption.swift */; };
		D3DB94782819897900414439 /* CountriesListViewModelTests.swift in Sources */ = {isa = PBXBuildFile; fileRef = D3DB94662819861500414439 /* CountriesListViewModelTests.swift */; };
		D3DB947B281990BA00414439 /* CountryCovidReport+Mock.swift in Sources */ = {isa = PBXBuildFile; fileRef = D3DB947A281990B900414439 /* CountryCovidReport+Mock.swift */; };
		D3DB947D281990E000414439 /* CountryCovidReportDTO+Mock.swift in Sources */ = {isa = PBXBuildFile; fileRef = D3DB947C281990E000414439 /* CountryCovidReportDTO+Mock.swift */; };
		D3DB9481281991CD00414439 /* CountriesListViewModelOutputProtocol+Mock.swift in Sources */ = {isa = PBXBuildFile; fileRef = D3DB9480281991CD00414439 /* CountriesListViewModelOutputProtocol+Mock.swift */; };
		D3DB9483281991EA00414439 /* CountriesListRouterProtocol+Mock.swift in Sources */ = {isa = PBXBuildFile; fileRef = D3DB9482281991EA00414439 /* CountriesListRouterProtocol+Mock.swift */; };
		D3DB9485281991F200414439 /* LatestCovidReportServiceProtocol+Mock.swift in Sources */ = {isa = PBXBuildFile; fileRef = D3DB9484281991F200414439 /* LatestCovidReportServiceProtocol+Mock.swift */; };
		D3DB94872819A02700414439 /* LatestCovidReportsServiceTests.swift in Sources */ = {isa = PBXBuildFile; fileRef = D3DB94862819A02700414439 /* LatestCovidReportsServiceTests.swift */; };
		D3DB948D2819A5C700414439 /* JSONTransport+Mock.swift in Sources */ = {isa = PBXBuildFile; fileRef = D3DB948C2819A5C700414439 /* JSONTransport+Mock.swift */; };
		D3E558A928169B9A00EFF796 /* AppDelegate.swift in Sources */ = {isa = PBXBuildFile; fileRef = D3E558A828169B9A00EFF796 /* AppDelegate.swift */; };
		D3E558AB28169B9A00EFF796 /* SceneDelegate.swift in Sources */ = {isa = PBXBuildFile; fileRef = D3E558AA28169B9A00EFF796 /* SceneDelegate.swift */; };
		D3E558B228169B9C00EFF796 /* Assets.xcassets in Resources */ = {isa = PBXBuildFile; fileRef = D3E558B128169B9C00EFF796 /* Assets.xcassets */; };
		D3E558B528169B9C00EFF796 /* LaunchScreen.storyboard in Resources */ = {isa = PBXBuildFile; fileRef = D3E558B328169B9C00EFF796 /* LaunchScreen.storyboard */; };
		D3E558C028169F9600EFF796 /* MainCoordinator.swift in Sources */ = {isa = PBXBuildFile; fileRef = D3E558BF28169F9600EFF796 /* MainCoordinator.swift */; };
		D3E558DD2816A96D00EFF796 /* NetworkConstants.swift in Sources */ = {isa = PBXBuildFile; fileRef = D3E558DC2816A96D00EFF796 /* NetworkConstants.swift */; };
		D3E558DF2816A9F400EFF796 /* NetworkServiceProtocol.swift in Sources */ = {isa = PBXBuildFile; fileRef = D3E558DE2816A9F400EFF796 /* NetworkServiceProtocol.swift */; };
		D3E558E12816AA5B00EFF796 /* NetworkService.swift in Sources */ = {isa = PBXBuildFile; fileRef = D3E558E02816AA5B00EFF796 /* NetworkService.swift */; };
		D3E558E32816AAEA00EFF796 /* NetworkServiceError.swift in Sources */ = {isa = PBXBuildFile; fileRef = D3E558E22816AAEA00EFF796 /* NetworkServiceError.swift */; };
		D3E558E62816AB9400EFF796 /* HTTPConfig.swift in Sources */ = {isa = PBXBuildFile; fileRef = D3E558E52816AB9400EFF796 /* HTTPConfig.swift */; };
		D3E558E92816AC4700EFF796 /* Reachability.swift in Sources */ = {isa = PBXBuildFile; fileRef = D3E558E82816AC4700EFF796 /* Reachability.swift */; };
		D3E558EC2816ACD000EFF796 /* String+Utilities.swift in Sources */ = {isa = PBXBuildFile; fileRef = D3E558EB2816ACD000EFF796 /* String+Utilities.swift */; };
		D3E558EF2816AD4600EFF796 /* JSONTransportError.swift in Sources */ = {isa = PBXBuildFile; fileRef = D3E558EE2816AD4600EFF796 /* JSONTransportError.swift */; };
		D3E558F12816AD7B00EFF796 /* JSONTransportProtocol.swift in Sources */ = {isa = PBXBuildFile; fileRef = D3E558F02816AD7B00EFF796 /* JSONTransportProtocol.swift */; };
		D3E558F32816ADD400EFF796 /* JSONTransport.swift in Sources */ = {isa = PBXBuildFile; fileRef = D3E558F22816ADD400EFF796 /* JSONTransport.swift */; };
		D3E558F62816AE6F00EFF796 /* Route.swift in Sources */ = {isa = PBXBuildFile; fileRef = D3E558F52816AE6E00EFF796 /* Route.swift */; };
		D3E558F82816AECA00EFF796 /* Route+Path.swift in Sources */ = {isa = PBXBuildFile; fileRef = D3E558F72816AECA00EFF796 /* Route+Path.swift */; };
		D3E558FA2816AFB800EFF796 /* Optional+Unwrapped.swift in Sources */ = {isa = PBXBuildFile; fileRef = D3E558F92816AFB800EFF796 /* Optional+Unwrapped.swift */; };
		D3E559052816B7EE00EFF796 /* CountryCovidReport.swift in Sources */ = {isa = PBXBuildFile; fileRef = D3E559042816B7EE00EFF796 /* CountryCovidReport.swift */; };
		D3E559092816C3C100EFF796 /* LatestCovidReportServiceProtocol.swift in Sources */ = {isa = PBXBuildFile; fileRef = D3E559082816C3C100EFF796 /* LatestCovidReportServiceProtocol.swift */; };
		D3E5590B2816C3DA00EFF796 /* LatestCovidReportService.swift in Sources */ = {isa = PBXBuildFile; fileRef = D3E5590A2816C3DA00EFF796 /* LatestCovidReportService.swift */; };
		D3E5590E2816C53600EFF796 /* LatestCovidReportDTO.swift in Sources */ = {isa = PBXBuildFile; fileRef = D3E5590D2816C53600EFF796 /* LatestCovidReportDTO.swift */; };
/* End PBXBuildFile section */

/* Begin PBXContainerItemProxy section */
		D3DB94722819896D00414439 /* PBXContainerItemProxy */ = {
			isa = PBXContainerItemProxy;
			containerPortal = D3E5589D28169B9A00EFF796 /* Project object */;
			proxyType = 1;
			remoteGlobalIDString = D3E558A428169B9A00EFF796;
			remoteInfo = "Covid-19-meter";
		};
/* End PBXContainerItemProxy section */

/* Begin PBXFileReference section */
		D3DB943E2818294A00414439 /* CountriesListViewController.swift */ = {isa = PBXFileReference; lastKnownFileType = sourcecode.swift; path = CountriesListViewController.swift; sourceTree = "<group>"; };
		D3DB94402818295C00414439 /* CountriesListViewModel.swift */ = {isa = PBXFileReference; lastKnownFileType = sourcecode.swift; path = CountriesListViewModel.swift; sourceTree = "<group>"; };
		D3DB94442818299000414439 /* CountriesListRouter.swift */ = {isa = PBXFileReference; lastKnownFileType = sourcecode.swift; path = CountriesListRouter.swift; sourceTree = "<group>"; };
		D3DB9446281829D200414439 /* CountriesListContracts.swift */ = {isa = PBXFileReference; lastKnownFileType = sourcecode.swift; path = CountriesListContracts.swift; sourceTree = "<group>"; };
		D3DB94482818717000414439 /* CountryTableViewCell.swift */ = {isa = PBXFileReference; lastKnownFileType = sourcecode.swift; path = CountryTableViewCell.swift; sourceTree = "<group>"; };
		D3DB944D28189DDB00414439 /* CountryReportViewController.swift */ = {isa = PBXFileReference; lastKnownFileType = sourcecode.swift; path = CountryReportViewController.swift; sourceTree = "<group>"; };
		D3DB944F28189DFF00414439 /* CountryReportViewModel.swift */ = {isa = PBXFileReference; lastKnownFileType = sourcecode.swift; path = CountryReportViewModel.swift; sourceTree = "<group>"; };
		D3DB945128189E2300414439 /* CountryReportContracts.swift */ = {isa = PBXFileReference; lastKnownFileType = sourcecode.swift; path = CountryReportContracts.swift; sourceTree = "<group>"; };
		D3DB94532818A8DF00414439 /* ReportFieldTableViewCell.swift */ = {isa = PBXFileReference; lastKnownFileType = sourcecode.swift; path = ReportFieldTableViewCell.swift; sourceTree = "<group>"; };
		D3DB94572818B4E100414439 /* DefaultNavigationController.swift */ = {isa = PBXFileReference; lastKnownFileType = sourcecode.swift; path = DefaultNavigationController.swift; sourceTree = "<group>"; };
		D3DB945A2819300200414439 /* Formatters.swift */ = {isa = PBXFileReference; lastKnownFileType = sourcecode.swift; path = Formatters.swift; sourceTree = "<group>"; };
		D3DB945C2819380A00414439 /* UIAlertController+Builder.swift */ = {isa = PBXFileReference; lastKnownFileType = sourcecode.swift; path = "UIAlertController+Builder.swift"; sourceTree = "<group>"; };
		D3DB945E28196A0300414439 /* ReportFieldDataModel.swift */ = {isa = PBXFileReference; lastKnownFileType = sourcecode.swift; path = ReportFieldDataModel.swift; sourceTree = "<group>"; };
		D3DB946028196A4000414439 /* SortOption.swift */ = {isa = PBXFileReference; lastKnownFileType = sourcecode.swift; path = SortOption.swift; sourceTree = "<group>"; };
		D3DB94662819861500414439 /* CountriesListViewModelTests.swift */ = {isa = PBXFileReference; lastKnownFileType = sourcecode.swift; path = CountriesListViewModelTests.swift; sourceTree = "<group>"; };
		D3DB946E2819896D00414439 /* Covid-19-meterTests.xctest */ = {isa = PBXFileReference; explicitFileType = wrapper.cfbundle; includeInIndex = 0; path = "Covid-19-meterTests.xctest"; sourceTree = BUILT_PRODUCTS_DIR; };
		D3DB947A281990B900414439 /* CountryCovidReport+Mock.swift */ = {isa = PBXFileReference; lastKnownFileType = sourcecode.swift; path = "CountryCovidReport+Mock.swift"; sourceTree = "<group>"; };
		D3DB947C281990E000414439 /* CountryCovidReportDTO+Mock.swift */ = {isa = PBXFileReference; lastKnownFileType = sourcecode.swift; path = "CountryCovidReportDTO+Mock.swift"; sourceTree = "<group>"; };
		D3DB9480281991CD00414439 /* CountriesListViewModelOutputProtocol+Mock.swift */ = {isa = PBXFileReference; lastKnownFileType = sourcecode.swift; path = "CountriesListViewModelOutputProtocol+Mock.swift"; sourceTree = "<group>"; };
		D3DB9482281991EA00414439 /* CountriesListRouterProtocol+Mock.swift */ = {isa = PBXFileReference; lastKnownFileType = sourcecode.swift; path = "CountriesListRouterProtocol+Mock.swift"; sourceTree = "<group>"; };
		D3DB9484281991F200414439 /* LatestCovidReportServiceProtocol+Mock.swift */ = {isa = PBXFileReference; lastKnownFileType = sourcecode.swift; path = "LatestCovidReportServiceProtocol+Mock.swift"; sourceTree = "<group>"; };
		D3DB94862819A02700414439 /* LatestCovidReportsServiceTests.swift */ = {isa = PBXFileReference; lastKnownFileType = sourcecode.swift; path = LatestCovidReportsServiceTests.swift; sourceTree = "<group>"; };
		D3DB948C2819A5C700414439 /* JSONTransport+Mock.swift */ = {isa = PBXFileReference; lastKnownFileType = sourcecode.swift; path = "JSONTransport+Mock.swift"; sourceTree = "<group>"; };
		D3E558A528169B9A00EFF796 /* Covid-19-meter.app */ = {isa = PBXFileReference; explicitFileType = wrapper.application; includeInIndex = 0; path = "Covid-19-meter.app"; sourceTree = BUILT_PRODUCTS_DIR; };
		D3E558A828169B9A00EFF796 /* AppDelegate.swift */ = {isa = PBXFileReference; lastKnownFileType = sourcecode.swift; path = AppDelegate.swift; sourceTree = "<group>"; };
		D3E558AA28169B9A00EFF796 /* SceneDelegate.swift */ = {isa = PBXFileReference; lastKnownFileType = sourcecode.swift; path = SceneDelegate.swift; sourceTree = "<group>"; };
		D3E558B128169B9C00EFF796 /* Assets.xcassets */ = {isa = PBXFileReference; lastKnownFileType = folder.assetcatalog; path = Assets.xcassets; sourceTree = "<group>"; };
		D3E558B428169B9C00EFF796 /* Base */ = {isa = PBXFileReference; lastKnownFileType = file.storyboard; name = Base; path = Base.lproj/LaunchScreen.storyboard; sourceTree = "<group>"; };
		D3E558B628169B9C00EFF796 /* Info.plist */ = {isa = PBXFileReference; lastKnownFileType = text.plist.xml; path = Info.plist; sourceTree = "<group>"; };
		D3E558BF28169F9600EFF796 /* MainCoordinator.swift */ = {isa = PBXFileReference; lastKnownFileType = sourcecode.swift; path = MainCoordinator.swift; sourceTree = "<group>"; };
		D3E558DC2816A96D00EFF796 /* NetworkConstants.swift */ = {isa = PBXFileReference; lastKnownFileType = sourcecode.swift; path = NetworkConstants.swift; sourceTree = "<group>"; };
		D3E558DE2816A9F400EFF796 /* NetworkServiceProtocol.swift */ = {isa = PBXFileReference; lastKnownFileType = sourcecode.swift; path = NetworkServiceProtocol.swift; sourceTree = "<group>"; };
		D3E558E02816AA5B00EFF796 /* NetworkService.swift */ = {isa = PBXFileReference; lastKnownFileType = sourcecode.swift; path = NetworkService.swift; sourceTree = "<group>"; };
		D3E558E22816AAEA00EFF796 /* NetworkServiceError.swift */ = {isa = PBXFileReference; lastKnownFileType = sourcecode.swift; path = NetworkServiceError.swift; sourceTree = "<group>"; };
		D3E558E52816AB9400EFF796 /* HTTPConfig.swift */ = {isa = PBXFileReference; lastKnownFileType = sourcecode.swift; path = HTTPConfig.swift; sourceTree = "<group>"; };
		D3E558E82816AC4700EFF796 /* Reachability.swift */ = {isa = PBXFileReference; lastKnownFileType = sourcecode.swift; path = Reachability.swift; sourceTree = "<group>"; };
		D3E558EB2816ACD000EFF796 /* String+Utilities.swift */ = {isa = PBXFileReference; lastKnownFileType = sourcecode.swift; path = "String+Utilities.swift"; sourceTree = "<group>"; };
		D3E558EE2816AD4600EFF796 /* JSONTransportError.swift */ = {isa = PBXFileReference; lastKnownFileType = sourcecode.swift; path = JSONTransportError.swift; sourceTree = "<group>"; };
		D3E558F02816AD7B00EFF796 /* JSONTransportProtocol.swift */ = {isa = PBXFileReference; lastKnownFileType = sourcecode.swift; path = JSONTransportProtocol.swift; sourceTree = "<group>"; };
		D3E558F22816ADD400EFF796 /* JSONTransport.swift */ = {isa = PBXFileReference; lastKnownFileType = sourcecode.swift; path = JSONTransport.swift; sourceTree = "<group>"; };
		D3E558F52816AE6E00EFF796 /* Route.swift */ = {isa = PBXFileReference; lastKnownFileType = sourcecode.swift; path = Route.swift; sourceTree = "<group>"; };
		D3E558F72816AECA00EFF796 /* Route+Path.swift */ = {isa = PBXFileReference; lastKnownFileType = sourcecode.swift; path = "Route+Path.swift"; sourceTree = "<group>"; };
		D3E558F92816AFB800EFF796 /* Optional+Unwrapped.swift */ = {isa = PBXFileReference; lastKnownFileType = sourcecode.swift; path = "Optional+Unwrapped.swift"; sourceTree = "<group>"; };
		D3E559042816B7EE00EFF796 /* CountryCovidReport.swift */ = {isa = PBXFileReference; lastKnownFileType = sourcecode.swift; path = CountryCovidReport.swift; sourceTree = "<group>"; };
		D3E559082816C3C100EFF796 /* LatestCovidReportServiceProtocol.swift */ = {isa = PBXFileReference; lastKnownFileType = sourcecode.swift; path = LatestCovidReportServiceProtocol.swift; sourceTree = "<group>"; };
		D3E5590A2816C3DA00EFF796 /* LatestCovidReportService.swift */ = {isa = PBXFileReference; lastKnownFileType = sourcecode.swift; path = LatestCovidReportService.swift; sourceTree = "<group>"; };
		D3E5590D2816C53600EFF796 /* LatestCovidReportDTO.swift */ = {isa = PBXFileReference; lastKnownFileType = sourcecode.swift; path = LatestCovidReportDTO.swift; sourceTree = "<group>"; };
/* End PBXFileReference section */

/* Begin PBXFrameworksBuildPhase section */
		D3DB946B2819896D00414439 /* Frameworks */ = {
			isa = PBXFrameworksBuildPhase;
			buildActionMask = 2147483647;
			files = (
			);
			runOnlyForDeploymentPostprocessing = 0;
		};
		D3E558A228169B9A00EFF796 /* Frameworks */ = {
			isa = PBXFrameworksBuildPhase;
			buildActionMask = 2147483647;
			files = (
			);
			runOnlyForDeploymentPostprocessing = 0;
		};
/* End PBXFrameworksBuildPhase section */

/* Begin PBXGroup section */
		D3DB943D2818291400414439 /* CountriesList */ = {
			isa = PBXGroup;
			children = (
				D3DB944A28187E5000414439 /* Cell */,
				D3DB94442818299000414439 /* CountriesListRouter.swift */,
				D3DB9446281829D200414439 /* CountriesListContracts.swift */,
				D3DB94402818295C00414439 /* CountriesListViewModel.swift */,
				D3DB943E2818294A00414439 /* CountriesListViewController.swift */,
				D3DB946028196A4000414439 /* SortOption.swift */,
			);
			path = CountriesList;
			sourceTree = "<group>";
		};
		D3DB944A28187E5000414439 /* Cell */ = {
			isa = PBXGroup;
			children = (
				D3DB94482818717000414439 /* CountryTableViewCell.swift */,
			);
			path = Cell;
			sourceTree = "<group>";
		};
		D3DB944B28189D6700414439 /* CountryReportDetails */ = {
			isa = PBXGroup;
			children = (
				D3DB944C28189D9100414439 /* Cell */,
				D3DB945128189E2300414439 /* CountryReportContracts.swift */,
				D3DB944F28189DFF00414439 /* CountryReportViewModel.swift */,
				D3DB944D28189DDB00414439 /* CountryReportViewController.swift */,
				D3DB945E28196A0300414439 /* ReportFieldDataModel.swift */,
			);
			path = CountryReportDetails;
			sourceTree = "<group>";
		};
		D3DB944C28189D9100414439 /* Cell */ = {
			isa = PBXGroup;
			children = (
				D3DB94532818A8DF00414439 /* ReportFieldTableViewCell.swift */,
			);
			path = Cell;
			sourceTree = "<group>";
		};
		D3DB94552818B4BD00414439 /* Coordinator */ = {
			isa = PBXGroup;
			children = (
				D3E558BF28169F9600EFF796 /* MainCoordinator.swift */,
			);
			path = Coordinator;
			sourceTree = "<group>";
		};
		D3DB94562818B4C600414439 /* NavigationController */ = {
			isa = PBXGroup;
			children = (
				D3DB94572818B4E100414439 /* DefaultNavigationController.swift */,
			);
			path = NavigationController;
			sourceTree = "<group>";
		};
		D3DB945928192FC800414439 /* Helpers */ = {
			isa = PBXGroup;
			children = (
				D3E558EA2816ACAC00EFF796 /* Extensions */,
				D3DB945A2819300200414439 /* Formatters.swift */,
			);
			path = Helpers;
			sourceTree = "<group>";
		};
		D3DB9465281985EA00414439 /* Testing */ = {
			isa = PBXGroup;
			children = (
			);
			path = Testing;
			sourceTree = "<group>";
		};
		D3DB946F2819896D00414439 /* Covid-19-meterTests */ = {
			isa = PBXGroup;
			children = (
				D3DB9479281990AB00414439 /* Mocks */,
				D3DB94902819AB3900414439 /* Tests */,
			);
			path = "Covid-19-meterTests";
			sourceTree = "<group>";
		};
		D3DB9479281990AB00414439 /* Mocks */ = {
			isa = PBXGroup;
			children = (
				D3DB947E281991B100414439 /* Entities */,
				D3DB948B2819A5B500414439 /* Network */,
				D3DB947F281991B500414439 /* Classes */,
			);
			path = Mocks;
			sourceTree = "<group>";
		};
		D3DB947E281991B100414439 /* Entities */ = {
			isa = PBXGroup;
			children = (
				D3DB947A281990B900414439 /* CountryCovidReport+Mock.swift */,
				D3DB947C281990E000414439 /* CountryCovidReportDTO+Mock.swift */,
			);
			path = Entities;
			sourceTree = "<group>";
		};
		D3DB947F281991B500414439 /* Classes */ = {
			isa = PBXGroup;
			children = (
				D3DB948E2819A5D900414439 /* CountriesList */,
				D3DB948F2819A5E400414439 /* CountryReportDetails */,
			);
			path = Classes;
			sourceTree = "<group>";
		};
		D3DB948B2819A5B500414439 /* Network */ = {
			isa = PBXGroup;
			children = (
				D3DB948C2819A5C700414439 /* JSONTransport+Mock.swift */,
			);
			path = Network;
			sourceTree = "<group>";
		};
		D3DB948E2819A5D900414439 /* CountriesList */ = {
			isa = PBXGroup;
			children = (
				D3DB9480281991CD00414439 /* CountriesListViewModelOutputProtocol+Mock.swift */,
				D3DB9482281991EA00414439 /* CountriesListRouterProtocol+Mock.swift */,
				D3DB9484281991F200414439 /* LatestCovidReportServiceProtocol+Mock.swift */,
			);
			path = CountriesList;
			sourceTree = "<group>";
		};
		D3DB948F2819A5E400414439 /* CountryReportDetails */ = {
			isa = PBXGroup;
			children = (
			);
			path = CountryReportDetails;
			sourceTree = "<group>";
		};
		D3DB94902819AB3900414439 /* Tests */ = {
			isa = PBXGroup;
			children = (
				D3DB94662819861500414439 /* CountriesListViewModelTests.swift */,
				D3DB94862819A02700414439 /* LatestCovidReportsServiceTests.swift */,
			);
			path = Tests;
			sourceTree = "<group>";
		};
		D3E5589C28169B9A00EFF796 = {
			isa = PBXGroup;
			children = (
				D3E558A728169B9A00EFF796 /* Covid-19-meter */,
				D3DB946F2819896D00414439 /* Covid-19-meterTests */,
				D3E558A628169B9A00EFF796 /* Products */,
			);
			sourceTree = "<group>";
		};
		D3E558A628169B9A00EFF796 /* Products */ = {
			isa = PBXGroup;
			children = (
				D3E558A528169B9A00EFF796 /* Covid-19-meter.app */,
				D3DB946E2819896D00414439 /* Covid-19-meterTests.xctest */,
			);
			name = Products;
			sourceTree = "<group>";
		};
		D3E558A728169B9A00EFF796 /* Covid-19-meter */ = {
			isa = PBXGroup;
			children = (
				D3E558BC28169BC300EFF796 /* App */,
				D3E558BD28169BF100EFF796 /* Assets */,
				D3E558DA2816A92800EFF796 /* Network */,
				D3E559062816BC5000EFF796 /* Domain */,
				D3E558BE28169F2F00EFF796 /* Presentation */,
				D3DB945928192FC800414439 /* Helpers */,
				D3DB9465281985EA00414439 /* Testing */,
				D3E558B628169B9C00EFF796 /* Info.plist */,
			);
			path = "Covid-19-meter";
			sourceTree = "<group>";
		};
		D3E558BC28169BC300EFF796 /* App */ = {
			isa = PBXGroup;
			children = (
				D3E558B328169B9C00EFF796 /* LaunchScreen.storyboard */,
				D3E558A828169B9A00EFF796 /* AppDelegate.swift */,
				D3E558AA28169B9A00EFF796 /* SceneDelegate.swift */,
			);
			path = App;
			sourceTree = "<group>";
		};
		D3E558BD28169BF100EFF796 /* Assets */ = {
			isa = PBXGroup;
			children = (
				D3E558B128169B9C00EFF796 /* Assets.xcassets */,
			);
			path = Assets;
			sourceTree = "<group>";
		};
		D3E558BE28169F2F00EFF796 /* Presentation */ = {
			isa = PBXGroup;
			children = (
				D3DB94562818B4C600414439 /* NavigationController */,
				D3DB94552818B4BD00414439 /* Coordinator */,
				D3DB943D2818291400414439 /* CountriesList */,
				D3DB944B28189D6700414439 /* CountryReportDetails */,
			);
			path = Presentation;
			sourceTree = "<group>";
		};
		D3E558DA2816A92800EFF796 /* Network */ = {
			isa = PBXGroup;
			children = (
				D3E558E72816AC1F00EFF796 /* Reachability */,
				D3E558DB2816A94900EFF796 /* NetworkService */,
				D3E558E42816AB6900EFF796 /* HTTPConfig */,
				D3E558ED2816AD1B00EFF796 /* JSONTransport */,
				D3E558F42816AE6100EFF796 /* Route */,
			);
			path = Network;
			sourceTree = "<group>";
		};
		D3E558DB2816A94900EFF796 /* NetworkService */ = {
			isa = PBXGroup;
			children = (
				D3E558DC2816A96D00EFF796 /* NetworkConstants.swift */,
				D3E558E22816AAEA00EFF796 /* NetworkServiceError.swift */,
				D3E558DE2816A9F400EFF796 /* NetworkServiceProtocol.swift */,
				D3E558E02816AA5B00EFF796 /* NetworkService.swift */,
			);
			path = NetworkService;
			sourceTree = "<group>";
		};
		D3E558E42816AB6900EFF796 /* HTTPConfig */ = {
			isa = PBXGroup;
			children = (
				D3E558E52816AB9400EFF796 /* HTTPConfig.swift */,
			);
			path = HTTPConfig;
			sourceTree = "<group>";
		};
		D3E558E72816AC1F00EFF796 /* Reachability */ = {
			isa = PBXGroup;
			children = (
				D3E558E82816AC4700EFF796 /* Reachability.swift */,
			);
			path = Reachability;
			sourceTree = "<group>";
		};
		D3E558EA2816ACAC00EFF796 /* Extensions */ = {
			isa = PBXGroup;
			children = (
				D3E558EB2816ACD000EFF796 /* String+Utilities.swift */,
				D3E558F92816AFB800EFF796 /* Optional+Unwrapped.swift */,
				D3DB945C2819380A00414439 /* UIAlertController+Builder.swift */,
			);
			path = Extensions;
			sourceTree = "<group>";
		};
		D3E558ED2816AD1B00EFF796 /* JSONTransport */ = {
			isa = PBXGroup;
			children = (
				D3E558EE2816AD4600EFF796 /* JSONTransportError.swift */,
				D3E558F02816AD7B00EFF796 /* JSONTransportProtocol.swift */,
				D3E558F22816ADD400EFF796 /* JSONTransport.swift */,
			);
			path = JSONTransport;
			sourceTree = "<group>";
		};
		D3E558F42816AE6100EFF796 /* Route */ = {
			isa = PBXGroup;
			children = (
				D3E558F52816AE6E00EFF796 /* Route.swift */,
				D3E558F72816AECA00EFF796 /* Route+Path.swift */,
			);
			path = Route;
			sourceTree = "<group>";
		};
		D3E558FB2816B2B100EFF796 /* Entities */ = {
			isa = PBXGroup;
			children = (
				D3E559042816B7EE00EFF796 /* CountryCovidReport.swift */,
			);
			path = Entities;
			sourceTree = "<group>";
		};
		D3E559062816BC5000EFF796 /* Domain */ = {
			isa = PBXGroup;
			children = (
				D3E5590C2816C4F500EFF796 /* DTOs */,
				D3E558FB2816B2B100EFF796 /* Entities */,
				D3E559072816BFDC00EFF796 /* Services */,
			);
			path = Domain;
			sourceTree = "<group>";
		};
		D3E559072816BFDC00EFF796 /* Services */ = {
			isa = PBXGroup;
			children = (
				D3E559082816C3C100EFF796 /* LatestCovidReportServiceProtocol.swift */,
				D3E5590A2816C3DA00EFF796 /* LatestCovidReportService.swift */,
			);
			path = Services;
			sourceTree = "<group>";
		};
		D3E5590C2816C4F500EFF796 /* DTOs */ = {
			isa = PBXGroup;
			children = (
				D3E5590D2816C53600EFF796 /* LatestCovidReportDTO.swift */,
			);
			path = DTOs;
			sourceTree = "<group>";
		};
/* End PBXGroup section */

/* Begin PBXNativeTarget section */
		D3DB946D2819896D00414439 /* Covid-19-meterTests */ = {
			isa = PBXNativeTarget;
			buildConfigurationList = D3DB94742819896D00414439 /* Build configuration list for PBXNativeTarget "Covid-19-meterTests" */;
			buildPhases = (
				D3DB946A2819896D00414439 /* Sources */,
				D3DB946B2819896D00414439 /* Frameworks */,
				D3DB946C2819896D00414439 /* Resources */,
			);
			buildRules = (
			);
			dependencies = (
				D3DB94732819896D00414439 /* PBXTargetDependency */,
			);
			name = "Covid-19-meterTests";
			productName = "Covid-19-meterTests";
			productReference = D3DB946E2819896D00414439 /* Covid-19-meterTests.xctest */;
			productType = "com.apple.product-type.bundle.unit-test";
		};
		D3E558A428169B9A00EFF796 /* Covid-19-meter */ = {
			isa = PBXNativeTarget;
			buildConfigurationList = D3E558B928169B9C00EFF796 /* Build configuration list for PBXNativeTarget "Covid-19-meter" */;
			buildPhases = (
				D3E558A128169B9A00EFF796 /* Sources */,
				D3E558A228169B9A00EFF796 /* Frameworks */,
				D3E558A328169B9A00EFF796 /* Resources */,
			);
			buildRules = (
			);
			dependencies = (
			);
			name = "Covid-19-meter";
			productName = "Covid-19-meter";
			productReference = D3E558A528169B9A00EFF796 /* Covid-19-meter.app */;
			productType = "com.apple.product-type.application";
		};
/* End PBXNativeTarget section */

/* Begin PBXProject section */
		D3E5589D28169B9A00EFF796 /* Project object */ = {
			isa = PBXProject;
			attributes = {
				BuildIndependentTargetsInParallel = 1;
				LastSwiftUpdateCheck = 1320;
				LastUpgradeCheck = 1320;
				TargetAttributes = {
					D3DB946D2819896D00414439 = {
						CreatedOnToolsVersion = 13.2.1;
						TestTargetID = D3E558A428169B9A00EFF796;
					};
					D3E558A428169B9A00EFF796 = {
						CreatedOnToolsVersion = 13.2.1;
					};
				};
			};
			buildConfigurationList = D3E558A028169B9A00EFF796 /* Build configuration list for PBXProject "Covid-19-meter" */;
			compatibilityVersion = "Xcode 13.0";
			developmentRegion = en;
			hasScannedForEncodings = 0;
			knownRegions = (
				en,
				Base,
			);
			mainGroup = D3E5589C28169B9A00EFF796;
			productRefGroup = D3E558A628169B9A00EFF796 /* Products */;
			projectDirPath = "";
			projectRoot = "";
			targets = (
				D3E558A428169B9A00EFF796 /* Covid-19-meter */,
				D3DB946D2819896D00414439 /* Covid-19-meterTests */,
			);
		};
/* End PBXProject section */

/* Begin PBXResourcesBuildPhase section */
		D3DB946C2819896D00414439 /* Resources */ = {
			isa = PBXResourcesBuildPhase;
			buildActionMask = 2147483647;
			files = (
			);
			runOnlyForDeploymentPostprocessing = 0;
		};
		D3E558A328169B9A00EFF796 /* Resources */ = {
			isa = PBXResourcesBuildPhase;
			buildActionMask = 2147483647;
			files = (
				D3E558B528169B9C00EFF796 /* LaunchScreen.storyboard in Resources */,
				D3E558B228169B9C00EFF796 /* Assets.xcassets in Resources */,
			);
			runOnlyForDeploymentPostprocessing = 0;
		};
/* End PBXResourcesBuildPhase section */

/* Begin PBXSourcesBuildPhase section */
		D3DB946A2819896D00414439 /* Sources */ = {
			isa = PBXSourcesBuildPhase;
			buildActionMask = 2147483647;
			files = (
				D3DB9485281991F200414439 /* LatestCovidReportServiceProtocol+Mock.swift in Sources */,
				D3DB947D281990E000414439 /* CountryCovidReportDTO+Mock.swift in Sources */,
				D3DB9483281991EA00414439 /* CountriesListRouterProtocol+Mock.swift in Sources */,
				D3DB948D2819A5C700414439 /* JSONTransport+Mock.swift in Sources */,
				D3DB947B281990BA00414439 /* CountryCovidReport+Mock.swift in Sources */,
				D3DB94872819A02700414439 /* LatestCovidReportsServiceTests.swift in Sources */,
				D3DB9481281991CD00414439 /* CountriesListViewModelOutputProtocol+Mock.swift in Sources */,
				D3DB94782819897900414439 /* CountriesListViewModelTests.swift in Sources */,
			);
			runOnlyForDeploymentPostprocessing = 0;
		};
		D3E558A128169B9A00EFF796 /* Sources */ = {
			isa = PBXSourcesBuildPhase;
			buildActionMask = 2147483647;
			files = (
				D3DB945B2819300200414439 /* Formatters.swift in Sources */,
				D3E559052816B7EE00EFF796 /* CountryCovidReport.swift in Sources */,
				D3DB94582818B4E100414439 /* DefaultNavigationController.swift in Sources */,
				D3DB945228189E2300414439 /* CountryReportContracts.swift in Sources */,
				D3DB94452818299000414439 /* CountriesListRouter.swift in Sources */,
				D3E5590E2816C53600EFF796 /* LatestCovidReportDTO.swift in Sources */,
				D3DB945028189DFF00414439 /* CountryReportViewModel.swift in Sources */,
				D3E558EF2816AD4600EFF796 /* JSONTransportError.swift in Sources */,
				D3E5590B2816C3DA00EFF796 /* LatestCovidReportService.swift in Sources */,
				D3E559092816C3C100EFF796 /* LatestCovidReportServiceProtocol.swift in Sources */,
				D3DB94542818A8DF00414439 /* ReportFieldTableViewCell.swift in Sources */,
				D3E558A928169B9A00EFF796 /* AppDelegate.swift in Sources */,
				D3DB946128196A4100414439 /* SortOption.swift in Sources */,
				D3DB945F28196A0300414439 /* ReportFieldDataModel.swift in Sources */,
				D3DB945D2819380A00414439 /* UIAlertController+Builder.swift in Sources */,
				D3E558FA2816AFB800EFF796 /* Optional+Unwrapped.swift in Sources */,
				D3E558F82816AECA00EFF796 /* Route+Path.swift in Sources */,
				D3E558E32816AAEA00EFF796 /* NetworkServiceError.swift in Sources */,
				D3E558F62816AE6F00EFF796 /* Route.swift in Sources */,
				D3DB9447281829D200414439 /* CountriesListContracts.swift in Sources */,
				D3E558DF2816A9F400EFF796 /* NetworkServiceProtocol.swift in Sources */,
				D3E558DD2816A96D00EFF796 /* NetworkConstants.swift in Sources */,
				D3E558EC2816ACD000EFF796 /* String+Utilities.swift in Sources */,
				D3E558C028169F9600EFF796 /* MainCoordinator.swift in Sources */,
				D3E558AB28169B9A00EFF796 /* SceneDelegate.swift in Sources */,
				D3DB94492818717000414439 /* CountryTableViewCell.swift in Sources */,
				D3E558F32816ADD400EFF796 /* JSONTransport.swift in Sources */,
				D3E558E12816AA5B00EFF796 /* NetworkService.swift in Sources */,
				D3E558E92816AC4700EFF796 /* Reachability.swift in Sources */,
				D3DB94412818295C00414439 /* CountriesListViewModel.swift in Sources */,
				D3DB943F2818294A00414439 /* CountriesListViewController.swift in Sources */,
				D3E558F12816AD7B00EFF796 /* JSONTransportProtocol.swift in Sources */,
				D3DB944E28189DDB00414439 /* CountryReportViewController.swift in Sources */,
				D3E558E62816AB9400EFF796 /* HTTPConfig.swift in Sources */,
			);
			runOnlyForDeploymentPostprocessing = 0;
		};
/* End PBXSourcesBuildPhase section */

/* Begin PBXTargetDependency section */
		D3DB94732819896D00414439 /* PBXTargetDependency */ = {
			isa = PBXTargetDependency;
			target = D3E558A428169B9A00EFF796 /* Covid-19-meter */;
			targetProxy = D3DB94722819896D00414439 /* PBXContainerItemProxy */;
		};
/* End PBXTargetDependency section */

/* Begin PBXVariantGroup section */
		D3E558B328169B9C00EFF796 /* LaunchScreen.storyboard */ = {
			isa = PBXVariantGroup;
			children = (
				D3E558B428169B9C00EFF796 /* Base */,
			);
			name = LaunchScreen.storyboard;
			sourceTree = "<group>";
		};
/* End PBXVariantGroup section */

/* Begin XCBuildConfiguration section */
		D3DB94752819896D00414439 /* Debug */ = {
			isa = XCBuildConfiguration;
			buildSettings = {
				BUNDLE_LOADER = "$(TEST_HOST)";
				CODE_SIGN_STYLE = Automatic;
				CURRENT_PROJECT_VERSION = 1;
				DEVELOPMENT_TEAM = HRX3B37H9L;
				GENERATE_INFOPLIST_FILE = YES;
				MARKETING_VERSION = 1.0;
				PRODUCT_BUNDLE_IDENTIFIER = "com.radwa.Covid-19-meterTests";
				PRODUCT_NAME = "$(TARGET_NAME)";
				SWIFT_EMIT_LOC_STRINGS = NO;
				SWIFT_VERSION = 5.0;
				TARGETED_DEVICE_FAMILY = "1,2";
				TEST_HOST = "$(BUILT_PRODUCTS_DIR)/Covid-19-meter.app/Covid-19-meter";
			};
			name = Debug;
		};
		D3DB94762819896D00414439 /* Release */ = {
			isa = XCBuildConfiguration;
			buildSettings = {
				BUNDLE_LOADER = "$(TEST_HOST)";
				CODE_SIGN_STYLE = Automatic;
				CURRENT_PROJECT_VERSION = 1;
				DEVELOPMENT_TEAM = HRX3B37H9L;
				GENERATE_INFOPLIST_FILE = YES;
				MARKETING_VERSION = 1.0;
				PRODUCT_BUNDLE_IDENTIFIER = "com.radwa.Covid-19-meterTests";
				PRODUCT_NAME = "$(TARGET_NAME)";
				SWIFT_EMIT_LOC_STRINGS = NO;
				SWIFT_VERSION = 5.0;
				TARGETED_DEVICE_FAMILY = "1,2";
				TEST_HOST = "$(BUILT_PRODUCTS_DIR)/Covid-19-meter.app/Covid-19-meter";
			};
			name = Release;
		};
		D3E558B728169B9C00EFF796 /* Debug */ = {
			isa = XCBuildConfiguration;
			buildSettings = {
				ALWAYS_SEARCH_USER_PATHS = NO;
				CLANG_ANALYZER_NONNULL = YES;
				CLANG_ANALYZER_NUMBER_OBJECT_CONVERSION = YES_AGGRESSIVE;
				CLANG_CXX_LANGUAGE_STANDARD = "gnu++17";
				CLANG_CXX_LIBRARY = "libc++";
				CLANG_ENABLE_MODULES = YES;
				CLANG_ENABLE_OBJC_ARC = YES;
				CLANG_ENABLE_OBJC_WEAK = YES;
				CLANG_WARN_BLOCK_CAPTURE_AUTORELEASING = YES;
				CLANG_WARN_BOOL_CONVERSION = YES;
				CLANG_WARN_COMMA = YES;
				CLANG_WARN_CONSTANT_CONVERSION = YES;
				CLANG_WARN_DEPRECATED_OBJC_IMPLEMENTATIONS = YES;
				CLANG_WARN_DIRECT_OBJC_ISA_USAGE = YES_ERROR;
				CLANG_WARN_DOCUMENTATION_COMMENTS = YES;
				CLANG_WARN_EMPTY_BODY = YES;
				CLANG_WARN_ENUM_CONVERSION = YES;
				CLANG_WARN_INFINITE_RECURSION = YES;
				CLANG_WARN_INT_CONVERSION = YES;
				CLANG_WARN_NON_LITERAL_NULL_CONVERSION = YES;
				CLANG_WARN_OBJC_IMPLICIT_RETAIN_SELF = YES;
				CLANG_WARN_OBJC_LITERAL_CONVERSION = YES;
				CLANG_WARN_OBJC_ROOT_CLASS = YES_ERROR;
				CLANG_WARN_QUOTED_INCLUDE_IN_FRAMEWORK_HEADER = YES;
				CLANG_WARN_RANGE_LOOP_ANALYSIS = YES;
				CLANG_WARN_STRICT_PROTOTYPES = YES;
				CLANG_WARN_SUSPICIOUS_MOVE = YES;
				CLANG_WARN_UNGUARDED_AVAILABILITY = YES_AGGRESSIVE;
				CLANG_WARN_UNREACHABLE_CODE = YES;
				CLANG_WARN__DUPLICATE_METHOD_MATCH = YES;
				COPY_PHASE_STRIP = NO;
				DEBUG_INFORMATION_FORMAT = dwarf;
				ENABLE_STRICT_OBJC_MSGSEND = YES;
				ENABLE_TESTABILITY = YES;
				GCC_C_LANGUAGE_STANDARD = gnu11;
				GCC_DYNAMIC_NO_PIC = NO;
				GCC_NO_COMMON_BLOCKS = YES;
				GCC_OPTIMIZATION_LEVEL = 0;
				GCC_PREPROCESSOR_DEFINITIONS = (
					"DEBUG=1",
					"$(inherited)",
				);
				GCC_WARN_64_TO_32_BIT_CONVERSION = YES;
				GCC_WARN_ABOUT_RETURN_TYPE = YES_ERROR;
				GCC_WARN_UNDECLARED_SELECTOR = YES;
				GCC_WARN_UNINITIALIZED_AUTOS = YES_AGGRESSIVE;
				GCC_WARN_UNUSED_FUNCTION = YES;
				GCC_WARN_UNUSED_VARIABLE = YES;
				IPHONEOS_DEPLOYMENT_TARGET = 15.2;
				MTL_ENABLE_DEBUG_INFO = INCLUDE_SOURCE;
				MTL_FAST_MATH = YES;
				ONLY_ACTIVE_ARCH = YES;
				SDKROOT = iphoneos;
				SWIFT_ACTIVE_COMPILATION_CONDITIONS = DEBUG;
				SWIFT_OPTIMIZATION_LEVEL = "-Onone";
			};
			name = Debug;
		};
		D3E558B828169B9C00EFF796 /* Release */ = {
			isa = XCBuildConfiguration;
			buildSettings = {
				ALWAYS_SEARCH_USER_PATHS = NO;
				CLANG_ANALYZER_NONNULL = YES;
				CLANG_ANALYZER_NUMBER_OBJECT_CONVERSION = YES_AGGRESSIVE;
				CLANG_CXX_LANGUAGE_STANDARD = "gnu++17";
				CLANG_CXX_LIBRARY = "libc++";
				CLANG_ENABLE_MODULES = YES;
				CLANG_ENABLE_OBJC_ARC = YES;
				CLANG_ENABLE_OBJC_WEAK = YES;
				CLANG_WARN_BLOCK_CAPTURE_AUTORELEASING = YES;
				CLANG_WARN_BOOL_CONVERSION = YES;
				CLANG_WARN_COMMA = YES;
				CLANG_WARN_CONSTANT_CONVERSION = YES;
				CLANG_WARN_DEPRECATED_OBJC_IMPLEMENTATIONS = YES;
				CLANG_WARN_DIRECT_OBJC_ISA_USAGE = YES_ERROR;
				CLANG_WARN_DOCUMENTATION_COMMENTS = YES;
				CLANG_WARN_EMPTY_BODY = YES;
				CLANG_WARN_ENUM_CONVERSION = YES;
				CLANG_WARN_INFINITE_RECURSION = YES;
				CLANG_WARN_INT_CONVERSION = YES;
				CLANG_WARN_NON_LITERAL_NULL_CONVERSION = YES;
				CLANG_WARN_OBJC_IMPLICIT_RETAIN_SELF = YES;
				CLANG_WARN_OBJC_LITERAL_CONVERSION = YES;
				CLANG_WARN_OBJC_ROOT_CLASS = YES_ERROR;
				CLANG_WARN_QUOTED_INCLUDE_IN_FRAMEWORK_HEADER = YES;
				CLANG_WARN_RANGE_LOOP_ANALYSIS = YES;
				CLANG_WARN_STRICT_PROTOTYPES = YES;
				CLANG_WARN_SUSPICIOUS_MOVE = YES;
				CLANG_WARN_UNGUARDED_AVAILABILITY = YES_AGGRESSIVE;
				CLANG_WARN_UNREACHABLE_CODE = YES;
				CLANG_WARN__DUPLICATE_METHOD_MATCH = YES;
				COPY_PHASE_STRIP = NO;
				DEBUG_INFORMATION_FORMAT = "dwarf-with-dsym";
				ENABLE_NS_ASSERTIONS = NO;
				ENABLE_STRICT_OBJC_MSGSEND = YES;
				GCC_C_LANGUAGE_STANDARD = gnu11;
				GCC_NO_COMMON_BLOCKS = YES;
				GCC_WARN_64_TO_32_BIT_CONVERSION = YES;
				GCC_WARN_ABOUT_RETURN_TYPE = YES_ERROR;
				GCC_WARN_UNDECLARED_SELECTOR = YES;
				GCC_WARN_UNINITIALIZED_AUTOS = YES_AGGRESSIVE;
				GCC_WARN_UNUSED_FUNCTION = YES;
				GCC_WARN_UNUSED_VARIABLE = YES;
				IPHONEOS_DEPLOYMENT_TARGET = 15.2;
				MTL_ENABLE_DEBUG_INFO = NO;
				MTL_FAST_MATH = YES;
				SDKROOT = iphoneos;
				SWIFT_COMPILATION_MODE = wholemodule;
				SWIFT_OPTIMIZATION_LEVEL = "-O";
				VALIDATE_PRODUCT = YES;
			};
			name = Release;
		};
		D3E558BA28169B9C00EFF796 /* Debug */ = {
			isa = XCBuildConfiguration;
			buildSettings = {
				ASSETCATALOG_COMPILER_APPICON_NAME = AppIcon;
				ASSETCATALOG_COMPILER_GLOBAL_ACCENT_COLOR_NAME = AccentColor;
				CODE_SIGN_STYLE = Automatic;
				CURRENT_PROJECT_VERSION = 1;
				DEVELOPMENT_TEAM = HRX3B37H9L;
				GENERATE_INFOPLIST_FILE = YES;
				INFOPLIST_FILE = "Covid-19-meter/Info.plist";
				INFOPLIST_KEY_UIApplicationSupportsIndirectInputEvents = YES;
				INFOPLIST_KEY_UILaunchStoryboardName = LaunchScreen;
				INFOPLIST_KEY_UISupportedInterfaceOrientations = UIInterfaceOrientationPortrait;
				INFOPLIST_KEY_UISupportedInterfaceOrientations_iPad = "UIInterfaceOrientationPortrait UIInterfaceOrientationPortraitUpsideDown UIInterfaceOrientationLandscapeLeft UIInterfaceOrientationLandscapeRight";
				INFOPLIST_KEY_UISupportedInterfaceOrientations_iPhone = "UIInterfaceOrientationPortrait UIInterfaceOrientationLandscapeLeft UIInterfaceOrientationLandscapeRight";
				LD_RUNPATH_SEARCH_PATHS = (
					"$(inherited)",
					"@executable_path/Frameworks",
				);
				MARKETING_VERSION = 1.0;
				PRODUCT_BUNDLE_IDENTIFIER = "com.radwa.Covid-19-meter";
				PRODUCT_NAME = "$(TARGET_NAME)";
				SWIFT_EMIT_LOC_STRINGS = YES;
				SWIFT_VERSION = 5.0;
				TARGETED_DEVICE_FAMILY = 1;
			};
			name = Debug;
		};
		D3E558BB28169B9C00EFF796 /* Release */ = {
			isa = XCBuildConfiguration;
			buildSettings = {
				ASSETCATALOG_COMPILER_APPICON_NAME = AppIcon;
				ASSETCATALOG_COMPILER_GLOBAL_ACCENT_COLOR_NAME = AccentColor;
				CODE_SIGN_STYLE = Automatic;
				CURRENT_PROJECT_VERSION = 1;
				DEVELOPMENT_TEAM = HRX3B37H9L;
				GENERATE_INFOPLIST_FILE = YES;
				INFOPLIST_FILE = "Covid-19-meter/Info.plist";
				INFOPLIST_KEY_UIApplicationSupportsIndirectInputEvents = YES;
				INFOPLIST_KEY_UILaunchStoryboardName = LaunchScreen;
				INFOPLIST_KEY_UISupportedInterfaceOrientations = UIInterfaceOrientationPortrait;
				INFOPLIST_KEY_UISupportedInterfaceOrientations_iPad = "UIInterfaceOrientationPortrait UIInterfaceOrientationPortraitUpsideDown UIInterfaceOrientationLandscapeLeft UIInterfaceOrientationLandscapeRight";
				INFOPLIST_KEY_UISupportedInterfaceOrientations_iPhone = "UIInterfaceOrientationPortrait UIInterfaceOrientationLandscapeLeft UIInterfaceOrientationLandscapeRight";
				LD_RUNPATH_SEARCH_PATHS = (
					"$(inherited)",
					"@executable_path/Frameworks",
				);
				MARKETING_VERSION = 1.0;
				PRODUCT_BUNDLE_IDENTIFIER = "com.radwa.Covid-19-meter";
				PRODUCT_NAME = "$(TARGET_NAME)";
				SWIFT_EMIT_LOC_STRINGS = YES;
				SWIFT_VERSION = 5.0;
				TARGETED_DEVICE_FAMILY = 1;
			};
			name = Release;
		};
/* End XCBuildConfiguration section */

/* Begin XCConfigurationList section */
		D3DB94742819896D00414439 /* Build configuration list for PBXNativeTarget "Covid-19-meterTests" */ = {
			isa = XCConfigurationList;
			buildConfigurations = (
				D3DB94752819896D00414439 /* Debug */,
				D3DB94762819896D00414439 /* Release */,
			);
			defaultConfigurationIsVisible = 0;
			defaultConfigurationName = Release;
		};
		D3E558A028169B9A00EFF796 /* Build configuration list for PBXProject "Covid-19-meter" */ = {
			isa = XCConfigurationList;
			buildConfigurations = (
				D3E558B728169B9C00EFF796 /* Debug */,
				D3E558B828169B9C00EFF796 /* Release */,
			);
			defaultConfigurationIsVisible = 0;
			defaultConfigurationName = Release;
		};
		D3E558B928169B9C00EFF796 /* Build configuration list for PBXNativeTarget "Covid-19-meter" */ = {
			isa = XCConfigurationList;
			buildConfigurations = (
				D3E558BA28169B9C00EFF796 /* Debug */,
				D3E558BB28169B9C00EFF796 /* Release */,
			);
			defaultConfigurationIsVisible = 0;
			defaultConfigurationName = Release;
		};
/* End XCConfigurationList section */
	};
	rootObject = D3E5589D28169B9A00EFF796 /* Project object */;
}
